// !$*UTF8*$!
{
	archiveVersion = 1;
	classes = {
	};
	objectVersion = 46;
	objects = {

/* Begin PBXBuildFile section */
		BB80654E195C317E00EEE4BC /* main.swift in Sources */ = {isa = PBXBuildFile; fileRef = BB80654D195C317E00EEE4BC /* main.swift */; };
		BB806550195C317E00EEE4BC /* AppDelegate.swift in Sources */ = {isa = PBXBuildFile; fileRef = BB80654F195C317E00EEE4BC /* AppDelegate.swift */; };
		BB806552195C317F00EEE4BC /* Images.xcassets in Resources */ = {isa = PBXBuildFile; fileRef = BB806551195C317F00EEE4BC /* Images.xcassets */; };
		BB806555195C317F00EEE4BC /* MainMenu.xib in Resources */ = {isa = PBXBuildFile; fileRef = BB806553195C317F00EEE4BC /* MainMenu.xib */; };
		BB806561195C317F00EEE4BC /* IKImageViewDemo in SwiftTests.swift in Sources */ = {isa = PBXBuildFile; fileRef = BB806560195C317F00EEE4BC /* IKImageViewDemo in SwiftTests.swift */; };
		BB806575195C37C500EEE4BC /* earring.jpg in Resources */ = {isa = PBXBuildFile; fileRef = BB80656B195C37C500EEE4BC /* earring.jpg */; };
		BB806576195C37C500EEE4BC /* TB_annotate.tiff in Resources */ = {isa = PBXBuildFile; fileRef = BB80656C195C37C500EEE4BC /* TB_annotate.tiff */; };
		BB806577195C37C500EEE4BC /* TB_crop.tiff in Resources */ = {isa = PBXBuildFile; fileRef = BB80656D195C37C500EEE4BC /* TB_crop.tiff */; };
		BB806578195C37C500EEE4BC /* TB_move.tiff in Resources */ = {isa = PBXBuildFile; fileRef = BB80656E195C37C500EEE4BC /* TB_move.tiff */; };
		BB806579195C37C500EEE4BC /* TB_rotate.tiff in Resources */ = {isa = PBXBuildFile; fileRef = BB80656F195C37C500EEE4BC /* TB_rotate.tiff */; };
		BB80657A195C37C500EEE4BC /* TB_select.tiff in Resources */ = {isa = PBXBuildFile; fileRef = BB806570195C37C500EEE4BC /* TB_select.tiff */; };
		BB80657B195C37C500EEE4BC /* TB_zoomActual.png in Resources */ = {isa = PBXBuildFile; fileRef = BB806571195C37C500EEE4BC /* TB_zoomActual.png */; };
		BB80657C195C37C500EEE4BC /* TB_zoomIn.png in Resources */ = {isa = PBXBuildFile; fileRef = BB806572195C37C500EEE4BC /* TB_zoomIn.png */; };
		BB80657D195C37C500EEE4BC /* TB_zoomOut.png in Resources */ = {isa = PBXBuildFile; fileRef = BB806573195C37C500EEE4BC /* TB_zoomOut.png */; };
		BB80657E195C37C500EEE4BC /* TB_zoomToFit.png in Resources */ = {isa = PBXBuildFile; fileRef = BB806574195C37C500EEE4BC /* TB_zoomToFit.png */; };
		BB806580195C3A8900EEE4BC /* Controller.swift in Sources */ = {isa = PBXBuildFile; fileRef = BB80657F195C3A8900EEE4BC /* Controller.swift */; };
		BB806583195C3B0A00EEE4BC /* Quartz.framework in Frameworks */ = {isa = PBXBuildFile; fileRef = BB806581195C3B0A00EEE4BC /* Quartz.framework */; };
		BB806584195C3B0A00EEE4BC /* QuartzCore.framework in Frameworks */ = {isa = PBXBuildFile; fileRef = BB806582195C3B0A00EEE4BC /* QuartzCore.framework */; };
/* End PBXBuildFile section */

/* Begin PBXContainerItemProxy section */
		BB80655B195C317F00EEE4BC /* PBXContainerItemProxy */ = {
			isa = PBXContainerItemProxy;
			containerPortal = BB806540195C317E00EEE4BC /* Project object */;
			proxyType = 1;
			remoteGlobalIDString = BB806547195C317E00EEE4BC;
			remoteInfo = "IKImageViewDemo 2014";
		};
/* End PBXContainerItemProxy section */

/* Begin PBXFileReference section */
		BB806548195C317E00EEE4BC /* IKImageViewDemo in Swift.app */ = {isa = PBXFileReference; explicitFileType = wrapper.application; includeInIndex = 0; path = "IKImageViewDemo in Swift.app"; sourceTree = BUILT_PRODUCTS_DIR; };
		BB80654C195C317E00EEE4BC /* Info.plist */ = {isa = PBXFileReference; lastKnownFileType = text.plist.xml; path = Info.plist; sourceTree = "<group>"; };
		BB80654D195C317E00EEE4BC /* main.swift */ = {isa = PBXFileReference; lastKnownFileType = sourcecode.swift; path = main.swift; sourceTree = "<group>"; };
		BB80654F195C317E00EEE4BC /* AppDelegate.swift */ = {isa = PBXFileReference; lastKnownFileType = sourcecode.swift; path = AppDelegate.swift; sourceTree = "<group>"; };
		BB806551195C317F00EEE4BC /* Images.xcassets */ = {isa = PBXFileReference; lastKnownFileType = folder.assetcatalog; path = Images.xcassets; sourceTree = "<group>"; };
		BB806554195C317F00EEE4BC /* Base */ = {isa = PBXFileReference; lastKnownFileType = file.xib; name = Base; path = Base.lproj/MainMenu.xib; sourceTree = "<group>"; };
		BB80655A195C317F00EEE4BC /* IKImageViewDemo in SwiftTests.xctest */ = {isa = PBXFileReference; explicitFileType = wrapper.cfbundle; includeInIndex = 0; path = "IKImageViewDemo in SwiftTests.xctest"; sourceTree = BUILT_PRODUCTS_DIR; };
		BB80655F195C317F00EEE4BC /* Info.plist */ = {isa = PBXFileReference; lastKnownFileType = text.plist.xml; path = Info.plist; sourceTree = "<group>"; };
		BB806560195C317F00EEE4BC /* IKImageViewDemo in SwiftTests.swift */ = {isa = PBXFileReference; lastKnownFileType = sourcecode.swift; path = "IKImageViewDemo in SwiftTests.swift"; sourceTree = "<group>"; };
		BB80656B195C37C500EEE4BC /* earring.jpg */ = {isa = PBXFileReference; lastKnownFileType = image.jpeg; path = earring.jpg; sourceTree = "<group>"; };
		BB80656C195C37C500EEE4BC /* TB_annotate.tiff */ = {isa = PBXFileReference; lastKnownFileType = image.tiff; path = TB_annotate.tiff; sourceTree = "<group>"; };
		BB80656D195C37C500EEE4BC /* TB_crop.tiff */ = {isa = PBXFileReference; lastKnownFileType = image.tiff; path = TB_crop.tiff; sourceTree = "<group>"; };
		BB80656E195C37C500EEE4BC /* TB_move.tiff */ = {isa = PBXFileReference; lastKnownFileType = image.tiff; path = TB_move.tiff; sourceTree = "<group>"; };
		BB80656F195C37C500EEE4BC /* TB_rotate.tiff */ = {isa = PBXFileReference; lastKnownFileType = image.tiff; path = TB_rotate.tiff; sourceTree = "<group>"; };
		BB806570195C37C500EEE4BC /* TB_select.tiff */ = {isa = PBXFileReference; lastKnownFileType = image.tiff; path = TB_select.tiff; sourceTree = "<group>"; };
		BB806571195C37C500EEE4BC /* TB_zoomActual.png */ = {isa = PBXFileReference; lastKnownFileType = image.png; path = TB_zoomActual.png; sourceTree = "<group>"; };
		BB806572195C37C500EEE4BC /* TB_zoomIn.png */ = {isa = PBXFileReference; lastKnownFileType = image.png; path = TB_zoomIn.png; sourceTree = "<group>"; };
		BB806573195C37C500EEE4BC /* TB_zoomOut.png */ = {isa = PBXFileReference; lastKnownFileType = image.png; path = TB_zoomOut.png; sourceTree = "<group>"; };
		BB806574195C37C500EEE4BC /* TB_zoomToFit.png */ = {isa = PBXFileReference; lastKnownFileType = image.png; path = TB_zoomToFit.png; sourceTree = "<group>"; };
		BB80657F195C3A8900EEE4BC /* Controller.swift */ = {isa = PBXFileReference; fileEncoding = 4; lastKnownFileType = sourcecode.swift; path = Controller.swift; sourceTree = "<group>"; };
		BB806581195C3B0A00EEE4BC /* Quartz.framework */ = {isa = PBXFileReference; lastKnownFileType = wrapper.framework; name = Quartz.framework; path = System/Library/Frameworks/Quartz.framework; sourceTree = SDKROOT; };
		BB806582195C3B0A00EEE4BC /* QuartzCore.framework */ = {isa = PBXFileReference; lastKnownFileType = wrapper.framework; name = QuartzCore.framework; path = System/Library/Frameworks/QuartzCore.framework; sourceTree = SDKROOT; };
/* End PBXFileReference section */

/* Begin PBXFrameworksBuildPhase section */
		BB806545195C317E00EEE4BC /* Frameworks */ = {
			isa = PBXFrameworksBuildPhase;
			buildActionMask = 2147483647;
			files = (
				BB806583195C3B0A00EEE4BC /* Quartz.framework in Frameworks */,
				BB806584195C3B0A00EEE4BC /* QuartzCore.framework in Frameworks */,
			);
			runOnlyForDeploymentPostprocessing = 0;
		};
		BB806557195C317F00EEE4BC /* Frameworks */ = {
			isa = PBXFrameworksBuildPhase;
			buildActionMask = 2147483647;
			files = (
			);
			runOnlyForDeploymentPostprocessing = 0;
		};
/* End PBXFrameworksBuildPhase section */

/* Begin PBXGroup section */
		BB80653F195C317E00EEE4BC = {
			isa = PBXGroup;
			children = (
				BB806581195C3B0A00EEE4BC /* Quartz.framework */,
				BB806582195C3B0A00EEE4BC /* QuartzCore.framework */,
				BB80654A195C317E00EEE4BC /* IKImageViewDemo in Swift */,
				BB80655D195C317F00EEE4BC /* IKImageViewDemo in SwiftTests */,
				BB806549195C317E00EEE4BC /* Products */,
			);
			sourceTree = "<group>";
		};
		BB806549195C317E00EEE4BC /* Products */ = {
			isa = PBXGroup;
			children = (
				BB806548195C317E00EEE4BC /* IKImageViewDemo in Swift.app */,
				BB80655A195C317F00EEE4BC /* IKImageViewDemo in SwiftTests.xctest */,
			);
			name = Products;
			sourceTree = "<group>";
		};
		BB80654A195C317E00EEE4BC /* IKImageViewDemo in Swift */ = {
			isa = PBXGroup;
			children = (
				BB80654F195C317E00EEE4BC /* AppDelegate.swift */,
				BB80657F195C3A8900EEE4BC /* Controller.swift */,
				BB806553195C317F00EEE4BC /* MainMenu.xib */,
				BB806551195C317F00EEE4BC /* Images.xcassets */,
				BB80656A195C37A900EEE4BC /* Ressources */,
				BB80654B195C317E00EEE4BC /* Supporting Files */,
			);
			name = "IKImageViewDemo in Swift";
			path = "IKImageViewDemo 2014";
			sourceTree = "<group>";
		};
		BB80654B195C317E00EEE4BC /* Supporting Files */ = {
			isa = PBXGroup;
			children = (
				BB80654C195C317E00EEE4BC /* Info.plist */,
				BB80654D195C317E00EEE4BC /* main.swift */,
			);
			name = "Supporting Files";
			sourceTree = "<group>";
		};
		BB80655D195C317F00EEE4BC /* IKImageViewDemo in SwiftTests */ = {
			isa = PBXGroup;
			children = (
				BB806560195C317F00EEE4BC /* IKImageViewDemo in SwiftTests.swift */,
				BB80655E195C317F00EEE4BC /* Supporting Files */,
			);
			name = "IKImageViewDemo in SwiftTests";
			path = "IKImageViewDemo 2014Tests";
			sourceTree = "<group>";
		};
		BB80655E195C317F00EEE4BC /* Supporting Files */ = {
			isa = PBXGroup;
			children = (
				BB80655F195C317F00EEE4BC /* Info.plist */,
			);
			name = "Supporting Files";
			sourceTree = "<group>";
		};
		BB80656A195C37A900EEE4BC /* Ressources */ = {
			isa = PBXGroup;
			children = (
				BB80656B195C37C500EEE4BC /* earring.jpg */,
				BB80656C195C37C500EEE4BC /* TB_annotate.tiff */,
				BB80656D195C37C500EEE4BC /* TB_crop.tiff */,
				BB80656E195C37C500EEE4BC /* TB_move.tiff */,
				BB80656F195C37C500EEE4BC /* TB_rotate.tiff */,
				BB806570195C37C500EEE4BC /* TB_select.tiff */,
				BB806571195C37C500EEE4BC /* TB_zoomActual.png */,
				BB806572195C37C500EEE4BC /* TB_zoomIn.png */,
				BB806573195C37C500EEE4BC /* TB_zoomOut.png */,
				BB806574195C37C500EEE4BC /* TB_zoomToFit.png */,
			);
			name = Ressources;
			sourceTree = "<group>";
		};
/* End PBXGroup section */

/* Begin PBXNativeTarget section */
		BB806547195C317E00EEE4BC /* IKImageViewDemo in Swift */ = {
			isa = PBXNativeTarget;
			buildConfigurationList = BB806564195C317F00EEE4BC /* Build configuration list for PBXNativeTarget "IKImageViewDemo in Swift" */;
			buildPhases = (
				BB806544195C317E00EEE4BC /* Sources */,
				BB806545195C317E00EEE4BC /* Frameworks */,
				BB806546195C317E00EEE4BC /* Resources */,
			);
			buildRules = (
			);
			dependencies = (
			);
			name = "IKImageViewDemo in Swift";
			productName = "IKImageViewDemo 2014";
			productReference = BB806548195C317E00EEE4BC /* IKImageViewDemo in Swift.app */;
			productType = "com.apple.product-type.application";
		};
		BB806559195C317F00EEE4BC /* IKImageViewDemo in SwiftTests */ = {
			isa = PBXNativeTarget;
			buildConfigurationList = BB806567195C317F00EEE4BC /* Build configuration list for PBXNativeTarget "IKImageViewDemo in SwiftTests" */;
			buildPhases = (
				BB806556195C317F00EEE4BC /* Sources */,
				BB806557195C317F00EEE4BC /* Frameworks */,
				BB806558195C317F00EEE4BC /* Resources */,
			);
			buildRules = (
			);
			dependencies = (
				BB80655C195C317F00EEE4BC /* PBXTargetDependency */,
			);
			name = "IKImageViewDemo in SwiftTests";
			productName = "IKImageViewDemo 2014Tests";
			productReference = BB80655A195C317F00EEE4BC /* IKImageViewDemo in SwiftTests.xctest */;
			productType = "com.apple.product-type.bundle.unit-test";
		};
/* End PBXNativeTarget section */

/* Begin PBXProject section */
		BB806540195C317E00EEE4BC /* Project object */ = {
			isa = PBXProject;
			attributes = {
				LastUpgradeCheck = 0600;
				ORGANIZATIONNAME = "A+A";
				TargetAttributes = {
					BB806547195C317E00EEE4BC = {
						CreatedOnToolsVersion = 6.0;
					};
					BB806559195C317F00EEE4BC = {
						CreatedOnToolsVersion = 6.0;
						TestTargetID = BB806547195C317E00EEE4BC;
					};
				};
			};
			buildConfigurationList = BB806543195C317E00EEE4BC /* Build configuration list for PBXProject "IKImageViewDemo in Swift" */;
			compatibilityVersion = "Xcode 3.2";
			developmentRegion = English;
			hasScannedForEncodings = 0;
			knownRegions = (
				en,
				Base,
			);
			mainGroup = BB80653F195C317E00EEE4BC;
			productRefGroup = BB806549195C317E00EEE4BC /* Products */;
			projectDirPath = "";
			projectRoot = "";
			targets = (
				BB806547195C317E00EEE4BC /* IKImageViewDemo in Swift */,
				BB806559195C317F00EEE4BC /* IKImageViewDemo in SwiftTests */,
			);
		};
/* End PBXProject section */

/* Begin PBXResourcesBuildPhase section */
		BB806546195C317E00EEE4BC /* Resources */ = {
			isa = PBXResourcesBuildPhase;
			buildActionMask = 2147483647;
			files = (
				BB806552195C317F00EEE4BC /* Images.xcassets in Resources */,
				BB806578195C37C500EEE4BC /* TB_move.tiff in Resources */,
				BB80657A195C37C500EEE4BC /* TB_select.tiff in Resources */,
				BB80657B195C37C500EEE4BC /* TB_zoomActual.png in Resources */,
				BB806555195C317F00EEE4BC /* MainMenu.xib in Resources */,
				BB80657D195C37C500EEE4BC /* TB_zoomOut.png in Resources */,
				BB806576195C37C500EEE4BC /* TB_annotate.tiff in Resources */,
				BB80657E195C37C500EEE4BC /* TB_zoomToFit.png in Resources */,
				BB806577195C37C500EEE4BC /* TB_crop.tiff in Resources */,
				BB80657C195C37C500EEE4BC /* TB_zoomIn.png in Resources */,
				BB806575195C37C500EEE4BC /* earring.jpg in Resources */,
				BB806579195C37C500EEE4BC /* TB_rotate.tiff in Resources */,
			);
			runOnlyForDeploymentPostprocessing = 0;
		};
		BB806558195C317F00EEE4BC /* Resources */ = {
			isa = PBXResourcesBuildPhase;
			buildActionMask = 2147483647;
			files = (
			);
			runOnlyForDeploymentPostprocessing = 0;
		};
/* End PBXResourcesBuildPhase section */

/* Begin PBXSourcesBuildPhase section */
		BB806544195C317E00EEE4BC /* Sources */ = {
			isa = PBXSourcesBuildPhase;
			buildActionMask = 2147483647;
			files = (
				BB806580195C3A8900EEE4BC /* Controller.swift in Sources */,
				BB806550195C317E00EEE4BC /* AppDelegate.swift in Sources */,
				BB80654E195C317E00EEE4BC /* main.swift in Sources */,
			);
			runOnlyForDeploymentPostprocessing = 0;
		};
		BB806556195C317F00EEE4BC /* Sources */ = {
			isa = PBXSourcesBuildPhase;
			buildActionMask = 2147483647;
			files = (
				BB806561195C317F00EEE4BC /* IKImageViewDemo in SwiftTests.swift in Sources */,
			);
			runOnlyForDeploymentPostprocessing = 0;
		};
/* End PBXSourcesBuildPhase section */

/* Begin PBXTargetDependency section */
		BB80655C195C317F00EEE4BC /* PBXTargetDependency */ = {
			isa = PBXTargetDependency;
			target = BB806547195C317E00EEE4BC /* IKImageViewDemo in Swift */;
			targetProxy = BB80655B195C317F00EEE4BC /* PBXContainerItemProxy */;
		};
/* End PBXTargetDependency section */

/* Begin PBXVariantGroup section */
		BB806553195C317F00EEE4BC /* MainMenu.xib */ = {
			isa = PBXVariantGroup;
			children = (
				BB806554195C317F00EEE4BC /* Base */,
			);
			name = MainMenu.xib;
			sourceTree = "<group>";
		};
/* End PBXVariantGroup section */

/* Begin XCBuildConfiguration section */
		BB806562195C317F00EEE4BC /* Debug */ = {
			isa = XCBuildConfiguration;
			buildSettings = {
				ALWAYS_SEARCH_USER_PATHS = NO;
				CLANG_CXX_LANGUAGE_STANDARD = "gnu++0x";
				CLANG_CXX_LIBRARY = "libc++";
				CLANG_ENABLE_MODULES = YES;
				CLANG_ENABLE_OBJC_ARC = YES;
				CLANG_WARN_BOOL_CONVERSION = YES;
				CLANG_WARN_CONSTANT_CONVERSION = YES;
				CLANG_WARN_DIRECT_OBJC_ISA_USAGE = YES_ERROR;
				CLANG_WARN_EMPTY_BODY = YES;
				CLANG_WARN_ENUM_CONVERSION = YES;
				CLANG_WARN_INT_CONVERSION = YES;
				CLANG_WARN_OBJC_ROOT_CLASS = YES_ERROR;
				CLANG_WARN_UNREACHABLE_CODE = YES;
				CLANG_WARN__DUPLICATE_METHOD_MATCH = YES;
				CODE_SIGN_IDENTITY = "-";
				COPY_PHASE_STRIP = NO;
				ENABLE_STRICT_OBJC_MSGSEND = YES;
				GCC_C_LANGUAGE_STANDARD = gnu99;
				GCC_DYNAMIC_NO_PIC = NO;
				GCC_OPTIMIZATION_LEVEL = 0;
				GCC_PREPROCESSOR_DEFINITIONS = (
					"DEBUG=1",
					"$(inherited)",
				);
				GCC_SYMBOLS_PRIVATE_EXTERN = NO;
				GCC_WARN_64_TO_32_BIT_CONVERSION = YES;
				GCC_WARN_ABOUT_RETURN_TYPE = YES_ERROR;
				GCC_WARN_UNDECLARED_SELECTOR = YES;
				GCC_WARN_UNINITIALIZED_AUTOS = YES_AGGRESSIVE;
				GCC_WARN_UNUSED_FUNCTION = YES;
				GCC_WARN_UNUSED_VARIABLE = YES;
				MACOSX_DEPLOYMENT_TARGET = 10.9;
				METAL_ENABLE_DEBUG_INFO = YES;
				ONLY_ACTIVE_ARCH = YES;
				SDKROOT = macosx;
				SWIFT_OPTIMIZATION_LEVEL = "-Onone";
			};
			name = Debug;
		};
		BB806563195C317F00EEE4BC /* Release */ = {
			isa = XCBuildConfiguration;
			buildSettings = {
				ALWAYS_SEARCH_USER_PATHS = NO;
				CLANG_CXX_LANGUAGE_STANDARD = "gnu++0x";
				CLANG_CXX_LIBRARY = "libc++";
				CLANG_ENABLE_MODULES = YES;
				CLANG_ENABLE_OBJC_ARC = YES;
				CLANG_WARN_BOOL_CONVERSION = YES;
				CLANG_WARN_CONSTANT_CONVERSION = YES;
				CLANG_WARN_DIRECT_OBJC_ISA_USAGE = YES_ERROR;
				CLANG_WARN_EMPTY_BODY = YES;
				CLANG_WARN_ENUM_CONVERSION = YES;
				CLANG_WARN_INT_CONVERSION = YES;
				CLANG_WARN_OBJC_ROOT_CLASS = YES_ERROR;
				CLANG_WARN_UNREACHABLE_CODE = YES;
				CLANG_WARN__DUPLICATE_METHOD_MATCH = YES;
				CODE_SIGN_IDENTITY = "-";
				COPY_PHASE_STRIP = YES;
				DEBUG_INFORMATION_FORMAT = "dwarf-with-dsym";
				ENABLE_NS_ASSERTIONS = NO;
				ENABLE_STRICT_OBJC_MSGSEND = YES;
				GCC_C_LANGUAGE_STANDARD = gnu99;
				GCC_WARN_64_TO_32_BIT_CONVERSION = YES;
				GCC_WARN_ABOUT_RETURN_TYPE = YES_ERROR;
				GCC_WARN_UNDECLARED_SELECTOR = YES;
				GCC_WARN_UNINITIALIZED_AUTOS = YES_AGGRESSIVE;
				GCC_WARN_UNUSED_FUNCTION = YES;
				GCC_WARN_UNUSED_VARIABLE = YES;
				MACOSX_DEPLOYMENT_TARGET = 10.9;
				METAL_ENABLE_DEBUG_INFO = NO;
				SDKROOT = macosx;
			};
			name = Release;
		};
		BB806565195C317F00EEE4BC /* Debug */ = {
			isa = XCBuildConfiguration;
			buildSettings = {
				ASSETCATALOG_COMPILER_APPICON_NAME = AppIcon;
				COMBINE_HIDPI_IMAGES = YES;
				INFOPLIST_FILE = "IKImageViewDemo 2014/Info.plist";
				LD_RUNPATH_SEARCH_PATHS = "$(inherited) @executable_path/../Frameworks";
				PRODUCT_NAME = "IKImageViewDemo in Swift";
			};
			name = Debug;
		};
		BB806566195C317F00EEE4BC /* Release */ = {
			isa = XCBuildConfiguration;
			buildSettings = {
				ASSETCATALOG_COMPILER_APPICON_NAME = AppIcon;
				COMBINE_HIDPI_IMAGES = YES;
				INFOPLIST_FILE = "IKImageViewDemo 2014/Info.plist";
				LD_RUNPATH_SEARCH_PATHS = "$(inherited) @executable_path/../Frameworks";
				PRODUCT_NAME = "IKImageViewDemo in Swift";
			};
			name = Release;
		};
		BB806568195C317F00EEE4BC /* Debug */ = {
			isa = XCBuildConfiguration;
			buildSettings = {
				BUNDLE_LOADER = "$(BUILT_PRODUCTS_DIR)/IKImageViewDemo 2014.app/Contents/MacOS/IKImageViewDemo 2014";
				COMBINE_HIDPI_IMAGES = YES;
				FRAMEWORK_SEARCH_PATHS = (
					"$(DEVELOPER_FRAMEWORKS_DIR)",
					"$(inherited)",
				);
				GCC_PREPROCESSOR_DEFINITIONS = (
					"DEBUG=1",
					"$(inherited)",
				);
				INFOPLIST_FILE = "IKImageViewDemo 2014Tests/Info.plist";
				LD_RUNPATH_SEARCH_PATHS = "$(inherited) @executable_path/../Frameworks @loader_path/../Frameworks";
				METAL_ENABLE_DEBUG_INFO = YES;
				PRODUCT_NAME = "IKImageViewDemo in SwiftTests";
				TEST_HOST = "$(BUNDLE_LOADER)";
			};
			name = Debug;
		};
		BB806569195C317F00EEE4BC /* Release */ = {
			isa = XCBuildConfiguration;
			buildSettings = {
				BUNDLE_LOADER = "$(BUILT_PRODUCTS_DIR)/IKImageViewDemo 2014.app/Contents/MacOS/IKImageViewDemo 2014";
				COMBINE_HIDPI_IMAGES = YES;
				FRAMEWORK_SEARCH_PATHS = (
					"$(DEVELOPER_FRAMEWORKS_DIR)",
					"$(inherited)",
				);
				INFOPLIST_FILE = "IKImageViewDemo 2014Tests/Info.plist";
				LD_RUNPATH_SEARCH_PATHS = "$(inherited) @executable_path/../Frameworks @loader_path/../Frameworks";
				METAL_ENABLE_DEBUG_INFO = NO;
				PRODUCT_NAME = "IKImageViewDemo in SwiftTests";
				TEST_HOST = "$(BUNDLE_LOADER)";
			};
			name = Release;
		};
/* End XCBuildConfiguration section */

/* Begin XCConfigurationList section */
		BB806543195C317E00EEE4BC /* Build configuration list for PBXProject "IKImageViewDemo in Swift" */ = {
			isa = XCConfigurationList;
			buildConfigurations = (
				BB806562195C317F00EEE4BC /* Debug */,
				BB806563195C317F00EEE4BC /* Release */,
			);
			defaultConfigurationIsVisible = 0;
			defaultConfigurationName = Release;
		};
		BB806564195C317F00EEE4BC /* Build configuration list for PBXNativeTarget "IKImageViewDemo in Swift" */ = {
			isa = XCConfigurationList;
			buildConfigurations = (
				BB806565195C317F00EEE4BC /* Debug */,
				BB806566195C317F00EEE4BC /* Release */,
			);
			defaultConfigurationIsVisible = 0;
			defaultConfigurationName = Release;
		};
		BB806567195C317F00EEE4BC /* Build configuration list for PBXNativeTarget "IKImageViewDemo in SwiftTests" */ = {
			isa = XCConfigurationList;
			buildConfigurations = (
				BB806568195C317F00EEE4BC /* Debug */,
				BB806569195C317F00EEE4BC /* Release */,
			);
			defaultConfigurationIsVisible = 0;
			defaultConfigurationName = Release;
		};
/* End XCConfigurationList section */
	};
	rootObject = BB806540195C317E00EEE4BC /* Project object */;
}
